github.com/aws/aws-sdk-go v1.19.38 h1:WKjobgPO4Ua1ww2NJJl2/zQNreUZxvqmEzwMlRjjm9g=
github.com/aws/aws-sdk-go v1.19.38/go.mod h1:KmX6BPdI08NWTb3/sm4ZGu5ShLoqVDhKgpiN924inxo=
github.com/bradhe/stopwatch v0.0.0-20180424000511-fd55e776a960 h1:YJWTgxlTgeHlvhe7tZJm0yBcg2GhjDQs8zig5O5vup8=
github.com/bradhe/stopwatch v0.0.0-20180424000511-fd55e776a960/go.mod h1:P/j2DSP/kCOakHBACzMqmOdrTEieqdSiB3U9fqk7qgc=
github.com/jmespath/go-jmespath v0.0.0-20180206201540-c2b33e8439af h1:pmfjZENx5imkbgOkpRUYLnmbU7UEFbjtDA2hxJ1ichM=
github.com/jmespath/go-jmespath v0.0.0-20180206201540-c2b33e8439af/go.mod h1:Nht3zPeWKUH0NzdCt2Blrr5ys8VGpn0CEB0cQHVjt7k=
